{
  "nodes": {
    "firefox-gnome-theme": {
      "flake": false,
      "locked": {
        "lastModified": 1721276923,
        "narHash": "sha256-HJKuwVvi+yGv+8n9Ez4EwaJA0B79JRss9J30vpgy/GI=",
        "owner": "rafaelmardojai",
        "repo": "firefox-gnome-theme",
        "rev": "cc70ec20e2775df7cd2bccdd20dcdecc3e0a733b",
        "type": "github"
      },
      "original": {
        "owner": "rafaelmardojai",
        "repo": "firefox-gnome-theme",
        "type": "github"
      }
    },
    "home-manager": {
      "inputs": {
        "nixpkgs": [
          "nixpkgs"
        ]
      },
      "locked": {
        "lastModified": 1722936497,
        "narHash": "sha256-UBst8PkhY0kqTgdKiR8MtTBt4c1XmjJoOV11efjsC/o=",
        "owner": "nix-community",
        "repo": "home-manager",
        "rev": "a6c743980e23f4cef6c2a377f9ffab506568413a",
        "type": "github"
      },
      "original": {
        "owner": "nix-community",
        "repo": "home-manager",
        "type": "github"
      }
    },
    "nixpkgs": {
      "locked": {
        "lastModified": 1722813957,
        "narHash": "sha256-IAoYyYnED7P8zrBFMnmp7ydaJfwTnwcnqxUElC1I26Y=",
        "owner": "nixos",
        "repo": "nixpkgs",
        "rev": "cb9a96f23c491c081b38eab96d22fa958043c9fa",
        "type": "github"
      },
      "original": {
        "owner": "nixos",
        "ref": "nixos-unstable",
        "repo": "nixpkgs",
        "type": "github"
      }
    },
    "root": {
      "inputs": {
        "firefox-gnome-theme": "firefox-gnome-theme",
        "home-manager": "home-manager",
        "nixpkgs": "nixpkgs"
      }
    }
  },
  "root": "root",
  "version": 7
}
