{
  "nodes": {
    "fenix": {
      "inputs": {
        "nixpkgs": [
          "nmrs-gui",
          "naersk",
          "nixpkgs"
        ],
        "rust-analyzer-src": "rust-analyzer-src"
      },
      "locked": {
        "lastModified": 1752475459,
        "narHash": "sha256-z6QEu4ZFuHiqdOPbYss4/Q8B0BFhacR8ts6jO/F/aOU=",
        "owner": "nix-community",
        "repo": "fenix",
        "rev": "bf0d6f70f4c9a9cf8845f992105652173f4b617f",
        "type": "github"
      },
      "original": {
        "owner": "nix-community",
        "repo": "fenix",
        "type": "github"
      }
    },
    "flake-utils": {
      "inputs": {
        "systems": "systems"
      },
      "locked": {
        "lastModified": 1731533236,
        "narHash": "sha256-l0KFg5HjrsfsO/JpG+r7fRrqm12kzFHyUHqHCVpMMbI=",
        "owner": "numtide",
        "repo": "flake-utils",
        "rev": "11707dc2f618dd54ca8739b309ec4fc024de578b",
        "type": "github"
      },
      "original": {
        "owner": "numtide",
        "repo": "flake-utils",
        "type": "github"
      }
    },
    "flake-utils_2": {
      "inputs": {
        "systems": "systems_2"
      },
      "locked": {
        "lastModified": 1731533236,
        "narHash": "sha256-l0KFg5HjrsfsO/JpG+r7fRrqm12kzFHyUHqHCVpMMbI=",
        "owner": "numtide",
        "repo": "flake-utils",
        "rev": "11707dc2f618dd54ca8739b309ec4fc024de578b",
        "type": "github"
      },
      "original": {
        "owner": "numtide",
        "repo": "flake-utils",
        "type": "github"
      }
    },
    "home-manager": {
      "inputs": {
        "nixpkgs": [
          "nixpkgs"
        ]
      },
      "locked": {
        "lastModified": 1790742230,
        "narHash": "sha256-5399J1/O3DyLSsYGVa950JtOUDB9Reqvy7FhfDuTVzk=",
        "owner": "nix-community",
        "repo": "home-manager",
        "rev": "0aefa652eb6fd8b7396af25e8c81cb0790f12cc2",
        "type": "github"
      },
      "original": {
        "owner": "nix-community",
        "repo": "home-manager",
        "type": "github"
      }
    },
    "jail-nix": {
      "locked": {
        "lastModified": 1788928033,
        "narHash": "sha256-UQRytK4SsshV1CeX6aKF+P855Sbcqg9aA731eYTakNg=",
        "owner": "~alexdavid",
        "repo": "jail.nix",
        "rev": "7cd53acef3ad51b9c775be759f5643f8d3bcf6eb",
        "type": "sourcehut"
      },
      "original": {
        "owner": "~alexdavid",
        "repo": "jail.nix",
        "type": "sourcehut"
      }
    },
    "kagi": {
      "inputs": {
        "flake-utils": "flake-utils",
        "nixpkgs": "nixpkgs"
      },
      "locked": {
        "lastModified": 1789317103,
        "narHash": "sha256-xLoY+GzQqHGvtiv/OrROWOHFKRQWba1E5jxrynLWwLo=",
        "owner": "Microck",
        "repo": "kagi-cli",
        "rev": "99ce2bed61ea5789c93c00488f126a2221d21ab8",
        "type": "github"
      },
      "original": {
        "owner": "Microck",
        "repo": "kagi-cli",
        "type": "github"
      }
    },
    "naersk": {
      "inputs": {
        "fenix": "fenix",
        "nixpkgs": "nixpkgs_3"
      },
      "locked": {
        "lastModified": 1769799857,
        "narHash": "sha256-88IFXZ7Sa1vxbz5pty0Io5qEaMQMMUPMonLa3Ls/ss4=",
        "owner": "nix-community",
        "repo": "naersk",
        "rev": "9d4ed44d8b8cecdceb1d6fd76e74123d90ae6339",
        "type": "github"
      },
      "original": {
        "owner": "nix-community",
        "ref": "master",
        "repo": "naersk",
        "type": "github"
      }
    },
    "nixpkgs": {
      "locked": {
        "lastModified": 1781074563,
        "narHash": "sha256-md8WlXOlfnIeHeOScMTTHFyf2d6iaTwPl2apR5EQ3P4=",
        "owner": "NixOS",
        "repo": "nixpkgs",
        "rev": "9ae611a455b90cf061d8f332b977e387bda8e1ca",
        "type": "github"
      },
      "original": {
        "owner": "NixOS",
        "ref": "nixos-unstable",
        "repo": "nixpkgs",
        "type": "github"
      }
    },
    "nixpkgs_2": {
      "locked": {
        "lastModified": 1790578696,
        "narHash": "sha256-ZoxIApko70jCdbH3l20HWXOBaT2HZd87orzd2yJ9dVE=",
        "owner": "nixos",
        "repo": "nixpkgs",
        "rev": "7a0f122f5090cf4c2ade2a13a0e229d4e19ba71f",
        "type": "github"
      },
      "original": {
        "owner": "nixos",
        "ref": "nixos-unstable",
        "repo": "nixpkgs",
        "type": "github"
      }
    },
    "nixpkgs_3": {
      "locked": {
        "lastModified": 1752077645,
        "narHash": "sha256-HM791ZQtXV93xtCY+ZxG1REzhQenSQO020cu6rHtAPk=",
        "owner": "NixOS",
        "repo": "nixpkgs",
        "rev": "be9e214982e20b8310878ac2baa063a961c1bdf6",
        "type": "github"
      },
      "original": {
        "owner": "NixOS",
        "ref": "nixpkgs-unstable",
        "repo": "nixpkgs",
        "type": "github"
      }
    },
    "nmrs-gui": {
      "inputs": {
        "flake-utils": "flake-utils_2",
        "naersk": "naersk",
        "nixpkgs": [
          "nixpkgs"
        ],
        "rust-overlay": "rust-overlay"
      },
      "locked": {
        "lastModified": 1785691864,
        "narHash": "sha256-sA4D98pVdwu7vjxj4UOWBrT1GzMVxJc4ckoojmpIdaw=",
        "owner": "networkmanager-rs",
        "repo": "nmrs-gui",
        "rev": "9ff7f8f3759e876b4488102c192a31886581020f",
        "type": "github"
      },
      "original": {
        "owner": "networkmanager-rs",
        "repo": "nmrs-gui",
        "type": "github"
      }
    },
    "root": {
      "inputs": {
        "home-manager": "home-manager",
        "jail-nix": "jail-nix",
        "kagi": "kagi",
        "nixpkgs": "nixpkgs_2",
        "nmrs-gui": "nmrs-gui"
      }
    },
    "rust-analyzer-src": {
      "flake": false,
      "locked": {
        "lastModified": 1752428706,
        "narHash": "sha256-EJcdxw3aXfP8Ex1Nm3s0awyH9egQvB2Gu+QEnJn2Sfg=",
        "owner": "rust-lang",
        "repo": "rust-analyzer",
        "rev": "591e3b7624be97e4443ea7b5542c191311aa141d",
        "type": "github"
      },
      "original": {
        "owner": "rust-lang",
        "ref": "nightly",
        "repo": "rust-analyzer",
        "type": "github"
      }
    },
    "rust-overlay": {
      "inputs": {
        "nixpkgs": [
          "nmrs-gui",
          "nixpkgs"
        ]
      },
      "locked": {
        "lastModified": 1773975983,
        "narHash": "sha256-zrRVwdfhDdohANqEhzY/ydeza6EXEi8AG6cyMRNYT9Q=",
        "owner": "oxalica",
        "repo": "rust-overlay",
        "rev": "cc80954a95f6f356c303ed9f08d0b63ca86216ac",
        "type": "github"
      },
      "original": {
        "owner": "oxalica",
        "repo": "rust-overlay",
        "type": "github"
      }
    },
    "systems": {
      "locked": {
        "lastModified": 1681028828,
        "narHash": "sha256-Vy1rq5AaRuLzOxct8nz4T6wlgyUR7zLU309k9mBC768=",
        "owner": "nix-systems",
        "repo": "default",
        "rev": "da67096a3b9bf56a91d16901293e51ba5b49a27e",
        "type": "github"
      },
      "original": {
        "owner": "nix-systems",
        "repo": "default",
        "type": "github"
      }
    },
    "systems_2": {
      "locked": {
        "lastModified": 1681028828,
        "narHash": "sha256-Vy1rq5AaRuLzOxct8nz4T6wlgyUR7zLU309k9mBC768=",
        "owner": "nix-systems",
        "repo": "default",
        "rev": "da67096a3b9bf56a91d16901293e51ba5b49a27e",
        "type": "github"
      },
      "original": {
        "owner": "nix-systems",
        "repo": "default",
        "type": "github"
      }
    }
  },
  "root": "root",
  "version": 7
}
